{
  "requires": true,
  "lockfileVersion": 1,
  "dependencies": {
    "@types/tinycolor2": {
      "version": "1.4.6",
      "resolved": "https://registry.npmjs.org/@types/tinycolor2/-/tinycolor2-1.4.6.tgz",
      "integrity": "sha512-iEN8J0BoMnsWBqjVbWH/c0G0Hh7O21lpR2/+PrvAVgWdzL7eexIFm4JN/Wn10PTcmNdtS6U67r499mlWMXOxNw==",
      "dev": true
    },
    "types-registry": {
      "version": "0.1.696",
      "resolved": "https://registry.npmjs.org/types-registry/-/types-registry-0.1.696.tgz",
      "integrity": "sha512-q8Kz0mvJp8NtdUPxX/y1HAmKhwwnJPpicB7U47UWFtZ0z9q87DmYJYhTOhYPo2KGBmq7opcCSEHfx+ljBAbVtw=="
    }
  }
}
